{
  "nodes": {
    "nixpkgs": {
      "locked": {
        "lastModified": 1763375004,
        "narHash": "sha256-e81Xfa7xhRZfqGB4s3xEvrg4p1v+fToM6CIQlXUyaX0=",
        "owner": "NixOS",
        "repo": "nixpkgs",
        "rev": "8b6600824693a9c706ef09bd86711ca393703466",
        "type": "github"
      },
      "original": {
        "owner": "NixOS",
        "ref": "nixpkgs-unstable",
        "repo": "nixpkgs",
        "type": "github"
      }
    },
    "root": {
      "inputs": {
        "nixpkgs": "nixpkgs",
        "zmk-nix": "zmk-nix"
      }
    },
    "zmk-nix": {
      "inputs": {
        "nixpkgs": [
          "nixpkgs"
        ]
      },
      "locked": {
        "lastModified": 1763253650,
        "narHash": "sha256-MyMqvUD8Pq38fasuPJXC/PzUK5sR052IIGK5zyN8oCI=",
        "owner": "lilyinstarlight",
        "repo": "zmk-nix",
        "rev": "e82382144a5d3051777e38aa78fe43ec91815954",
        "type": "github"
      },
      "original": {
        "owner": "lilyinstarlight",
        "repo": "zmk-nix",
        "type": "github"
      }
    }
  },
  "root": "root",
  "version": 7
}
