{
  "nodes": {
    "nixpkgs": {
      "locked": {
        "lastModified": 1784872115,
        "narHash": "sha256-THPEF2po0fsoH8gNtp+Ae0XFDJH3N/ol7xO3v6VMTJU=",
        "owner": "NixOS",
        "repo": "nixpkgs",
        "rev": "335f0738cb2fa9708f3f428e39d2eae975d1338d",
        "type": "github"
      },
      "original": {
        "owner": "NixOS",
        "ref": "nixpkgs-unstable",
        "repo": "nixpkgs",
        "type": "github"
      }
    },
    "root": {
      "inputs": {
        "nixpkgs": "nixpkgs",
        "zmk-nix": "zmk-nix"
      }
    },
    "zmk-nix": {
      "inputs": {
        "nixpkgs": [
          "nixpkgs"
        ]
      },
      "locked": {
        "lastModified": 1785027778,
        "narHash": "sha256-qYYld9g4aok2Wt0yODSQKD3uoS1vxRO0/FbycqOE6Lk=",
        "owner": "lilyinstarlight",
        "repo": "zmk-nix",
        "rev": "285d8afa0f3c125d953c9b24f4c7403957ef19e4",
        "type": "github"
      },
      "original": {
        "owner": "lilyinstarlight",
        "repo": "zmk-nix",
        "type": "github"
      }
    }
  },
  "root": "root",
  "version": 7
}
